
Microsoft Visual Studio Solution File, Format Version 12.00
# Visual Studio 14
VisualStudioVersion = 14.0.25420.1
MinimumVisualStudioVersion = 10.0.40219.1
Project("{159641D6-6404-4A2A-AE62-294DE0FE8301}") = "SuperStore_DW", "SuperStore_DW\SuperStore_DW.dtproj", "{F9FD5938-9926-4730-B6CD-9BE6EEE7EED3}"
EndProject
Global
	GlobalSection(SolutionConfigurationPlatforms) = preSolution
		Development|Default = Development|Default
	EndGlobalSection
	GlobalSection(ProjectConfigurationPlatforms) = postSolution
		{F9FD5938-9926-4730-B6CD-9BE6EEE7EED3}.Development|Default.ActiveCfg = Development
		{F9FD5938-9926-4730-B6CD-9BE6EEE7EED3}.Development|Default.Build.0 = Development
	EndGlobalSection
	GlobalSection(SolutionProperties) = preSolution
		HideSolutionNode = FALSE
	EndGlobalSection
EndGlobal
